// !$*UTF8*$!
{
	archiveVersion = 1;
	classes = {
	};
	objectVersion = 77;
	objects = {

/* Begin PBXBuildFile section */
		04D74B152E4D1AAA0082F3F6 /* IdentifiedCollections in Frameworks */ = {isa = PBXBuildFile; productRef = 04D74B142E4D1AAA0082F3F6 /* IdentifiedCollections */; };
		04D74B1E2E4F80AA0082F3F6 /* CasePaths in Frameworks */ = {isa = PBXBuildFile; productRef = 04D74B1D2E4F80AA0082F3F6 /* CasePaths */; };
		04D74B202E4F80AA0082F3F6 /* CasePathsCore in Frameworks */ = {isa = PBXBuildFile; productRef = 04D74B1F2E4F80AA0082F3F6 /* CasePathsCore */; };
/* End PBXBuildFile section */

/* Begin PBXContainerItemProxy section */
		04D74AEB2E4A6CEA0082F3F6 /* PBXContainerItemProxy */ = {
			isa = PBXContainerItemProxy;
			containerPortal = 04D74AD52E4A6CE90082F3F6 /* Project object */;
			proxyType = 1;
			remoteGlobalIDString = 04D74ADC2E4A6CE90082F3F6;
			remoteInfo = SwiftUI.Navigation;
		};
		04D74AF52E4A6CEA0082F3F6 /* PBXContainerItemProxy */ = {
			isa = PBXContainerItemProxy;
			containerPortal = 04D74AD52E4A6CE90082F3F6 /* Project object */;
			proxyType = 1;
			remoteGlobalIDString = 04D74ADC2E4A6CE90082F3F6;
			remoteInfo = SwiftUI.Navigation;
		};
/* End PBXContainerItemProxy section */

/* Begin PBXFileReference section */
		04D74ADD2E4A6CE90082F3F6 /* SwiftUI.Navigation.app */ = {isa = PBXFileReference; explicitFileType = wrapper.application; includeInIndex = 0; path = SwiftUI.Navigation.app; sourceTree = BUILT_PRODUCTS_DIR; };
		04D74AEA2E4A6CEA0082F3F6 /* SwiftUI.NavigationTests.xctest */ = {isa = PBXFileReference; explicitFileType = wrapper.cfbundle; includeInIndex = 0; path = SwiftUI.NavigationTests.xctest; sourceTree = BUILT_PRODUCTS_DIR; };
		04D74AF42E4A6CEA0082F3F6 /* SwiftUI.NavigationUITests.xctest */ = {isa = PBXFileReference; explicitFileType = wrapper.cfbundle; includeInIndex = 0; path = SwiftUI.NavigationUITests.xctest; sourceTree = BUILT_PRODUCTS_DIR; };
/* End PBXFileReference section */

/* Begin PBXFileSystemSynchronizedRootGroup section */
		04D74ADF2E4A6CE90082F3F6 /* SwiftUI.Navigation */ = {
			isa = PBXFileSystemSynchronizedRootGroup;
			path = SwiftUI.Navigation;
			sourceTree = "<group>";
		};
		04D74AED2E4A6CEA0082F3F6 /* SwiftUI.NavigationTests */ = {
			isa = PBXFileSystemSynchronizedRootGroup;
			path = SwiftUI.NavigationTests;
			sourceTree = "<group>";
		};
		04D74AF72E4A6CEA0082F3F6 /* SwiftUI.NavigationUITests */ = {
			isa = PBXFileSystemSynchronizedRootGroup;
			path = SwiftUI.NavigationUITests;
			sourceTree = "<group>";
		};
/* End PBXFileSystemSynchronizedRootGroup section */

/* Begin PBXFrameworksBuildPhase section */
		04D74ADA2E4A6CE90082F3F6 /* Frameworks */ = {
			isa = PBXFrameworksBuildPhase;
			buildActionMask = 2147483647;
			files = (
				04D74B152E4D1AAA0082F3F6 /* IdentifiedCollections in Frameworks */,
				04D74B1E2E4F80AA0082F3F6 /* CasePaths in Frameworks */,
				04D74B202E4F80AA0082F3F6 /* CasePathsCore in Frameworks */,
			);
			runOnlyForDeploymentPostprocessing = 0;
		};
		04D74AE72E4A6CEA0082F3F6 /* Frameworks */ = {
			isa = PBXFrameworksBuildPhase;
			buildActionMask = 2147483647;
			files = (
			);
			runOnlyForDeploymentPostprocessing = 0;
		};
		04D74AF12E4A6CEA0082F3F6 /* Frameworks */ = {
			isa = PBXFrameworksBuildPhase;
			buildActionMask = 2147483647;
			files = (
			);
			runOnlyForDeploymentPostprocessing = 0;
		};
/* End PBXFrameworksBuildPhase section */

/* Begin PBXGroup section */
		04D74AD42E4A6CE90082F3F6 = {
			isa = PBXGroup;
			children = (
				04D74ADF2E4A6CE90082F3F6 /* SwiftUI.Navigation */,
				04D74AED2E4A6CEA0082F3F6 /* SwiftUI.NavigationTests */,
				04D74AF72E4A6CEA0082F3F6 /* SwiftUI.NavigationUITests */,
				04D74ADE2E4A6CE90082F3F6 /* Products */,
			);
			sourceTree = "<group>";
		};
		04D74ADE2E4A6CE90082F3F6 /* Products */ = {
			isa = PBXGroup;
			children = (
				04D74ADD2E4A6CE90082F3F6 /* SwiftUI.Navigation.app */,
				04D74AEA2E4A6CEA0082F3F6 /* SwiftUI.NavigationTests.xctest */,
				04D74AF42E4A6CEA0082F3F6 /* SwiftUI.NavigationUITests.xctest */,
			);
			name = Products;
			sourceTree = "<group>";
		};
/* End PBXGroup section */

/* Begin PBXNativeTarget section */
		04D74ADC2E4A6CE90082F3F6 /* SwiftUI.Navigation */ = {
			isa = PBXNativeTarget;
			buildConfigurationList = 04D74AFE2E4A6CEA0082F3F6 /* Build configuration list for PBXNativeTarget "SwiftUI.Navigation" */;
			buildPhases = (
				04D74AD92E4A6CE90082F3F6 /* Sources */,
				04D74ADA2E4A6CE90082F3F6 /* Frameworks */,
				04D74ADB2E4A6CE90082F3F6 /* Resources */,
			);
			buildRules = (
			);
			dependencies = (
			);
			fileSystemSynchronizedGroups = (
				04D74ADF2E4A6CE90082F3F6 /* SwiftUI.Navigation */,
			);
			name = SwiftUI.Navigation;
			packageProductDependencies = (
				04D74B142E4D1AAA0082F3F6 /* IdentifiedCollections */,
				04D74B1D2E4F80AA0082F3F6 /* CasePaths */,
				04D74B1F2E4F80AA0082F3F6 /* CasePathsCore */,
			);
			productName = SwiftUI.Navigation;
			productReference = 04D74ADD2E4A6CE90082F3F6 /* SwiftUI.Navigation.app */;
			productType = "com.apple.product-type.application";
		};
		04D74AE92E4A6CEA0082F3F6 /* SwiftUI.NavigationTests */ = {
			isa = PBXNativeTarget;
			buildConfigurationList = 04D74B012E4A6CEA0082F3F6 /* Build configuration list for PBXNativeTarget "SwiftUI.NavigationTests" */;
			buildPhases = (
				04D74AE62E4A6CEA0082F3F6 /* Sources */,
				04D74AE72E4A6CEA0082F3F6 /* Frameworks */,
				04D74AE82E4A6CEA0082F3F6 /* Resources */,
			);
			buildRules = (
			);
			dependencies = (
				04D74AEC2E4A6CEA0082F3F6 /* PBXTargetDependency */,
			);
			fileSystemSynchronizedGroups = (
				04D74AED2E4A6CEA0082F3F6 /* SwiftUI.NavigationTests */,
			);
			name = SwiftUI.NavigationTests;
			packageProductDependencies = (
			);
			productName = SwiftUI.NavigationTests;
			productReference = 04D74AEA2E4A6CEA0082F3F6 /* SwiftUI.NavigationTests.xctest */;
			productType = "com.apple.product-type.bundle.unit-test";
		};
		04D74AF32E4A6CEA0082F3F6 /* SwiftUI.NavigationUITests */ = {
			isa = PBXNativeTarget;
			buildConfigurationList = 04D74B042E4A6CEA0082F3F6 /* Build configuration list for PBXNativeTarget "SwiftUI.NavigationUITests" */;
			buildPhases = (
				04D74AF02E4A6CEA0082F3F6 /* Sources */,
				04D74AF12E4A6CEA0082F3F6 /* Frameworks */,
				04D74AF22E4A6CEA0082F3F6 /* Resources */,
			);
			buildRules = (
			);
			dependencies = (
				04D74AF62E4A6CEA0082F3F6 /* PBXTargetDependency */,
			);
			fileSystemSynchronizedGroups = (
				04D74AF72E4A6CEA0082F3F6 /* SwiftUI.NavigationUITests */,
			);
			name = SwiftUI.NavigationUITests;
			packageProductDependencies = (
			);
			productName = SwiftUI.NavigationUITests;
			productReference = 04D74AF42E4A6CEA0082F3F6 /* SwiftUI.NavigationUITests.xctest */;
			productType = "com.apple.product-type.bundle.ui-testing";
		};
/* End PBXNativeTarget section */

/* Begin PBXProject section */
		04D74AD52E4A6CE90082F3F6 /* Project object */ = {
			isa = PBXProject;
			attributes = {
				BuildIndependentTargetsInParallel = 1;
				LastSwiftUpdateCheck = 1640;
				LastUpgradeCheck = 1640;
				TargetAttributes = {
					04D74ADC2E4A6CE90082F3F6 = {
						CreatedOnToolsVersion = 16.4;
					};
					04D74AE92E4A6CEA0082F3F6 = {
						CreatedOnToolsVersion = 16.4;
						TestTargetID = 04D74ADC2E4A6CE90082F3F6;
					};
					04D74AF32E4A6CEA0082F3F6 = {
						CreatedOnToolsVersion = 16.4;
						TestTargetID = 04D74ADC2E4A6CE90082F3F6;
					};
				};
			};
			buildConfigurationList = 04D74AD82E4A6CE90082F3F6 /* Build configuration list for PBXProject "SwiftUI.Navigation" */;
			developmentRegion = en;
			hasScannedForEncodings = 0;
			knownRegions = (
				en,
				Base,
			);
			mainGroup = 04D74AD42E4A6CE90082F3F6;
			minimizedProjectReferenceProxies = 1;
			packageReferences = (
				04D74B132E4D1AAA0082F3F6 /* XCRemoteSwiftPackageReference "swift-identified-collections" */,
				04D74B1C2E4F80AA0082F3F6 /* XCRemoteSwiftPackageReference "swift-case-paths" */,
			);
			preferredProjectObjectVersion = 77;
			productRefGroup = 04D74ADE2E4A6CE90082F3F6 /* Products */;
			projectDirPath = "";
			projectRoot = "";
			targets = (
				04D74ADC2E4A6CE90082F3F6 /* SwiftUI.Navigation */,
				04D74AE92E4A6CEA0082F3F6 /* SwiftUI.NavigationTests */,
				04D74AF32E4A6CEA0082F3F6 /* SwiftUI.NavigationUITests */,
			);
		};
/* End PBXProject section */

/* Begin PBXResourcesBuildPhase section */
		04D74ADB2E4A6CE90082F3F6 /* Resources */ = {
			isa = PBXResourcesBuildPhase;
			buildActionMask = 2147483647;
			files = (
			);
			runOnlyForDeploymentPostprocessing = 0;
		};
		04D74AE82E4A6CEA0082F3F6 /* Resources */ = {
			isa = PBXResourcesBuildPhase;
			buildActionMask = 2147483647;
			files = (
			);
			runOnlyForDeploymentPostprocessing = 0;
		};
		04D74AF22E4A6CEA0082F3F6 /* Resources */ = {
			isa = PBXResourcesBuildPhase;
			buildActionMask = 2147483647;
			files = (
			);
			runOnlyForDeploymentPostprocessing = 0;
		};
/* End PBXResourcesBuildPhase section */

/* Begin PBXSourcesBuildPhase section */
		04D74AD92E4A6CE90082F3F6 /* Sources */ = {
			isa = PBXSourcesBuildPhase;
			buildActionMask = 2147483647;
			files = (
			);
			runOnlyForDeploymentPostprocessing = 0;
		};
		04D74AE62E4A6CEA0082F3F6 /* Sources */ = {
			isa = PBXSourcesBuildPhase;
			buildActionMask = 2147483647;
			files = (
			);
			runOnlyForDeploymentPostprocessing = 0;
		};
		04D74AF02E4A6CEA0082F3F6 /* Sources */ = {
			isa = PBXSourcesBuildPhase;
			buildActionMask = 2147483647;
			files = (
			);
			runOnlyForDeploymentPostprocessing = 0;
		};
/* End PBXSourcesBuildPhase section */

/* Begin PBXTargetDependency section */
		04D74AEC2E4A6CEA0082F3F6 /* PBXTargetDependency */ = {
			isa = PBXTargetDependency;
			target = 04D74ADC2E4A6CE90082F3F6 /* SwiftUI.Navigation */;
			targetProxy = 04D74AEB2E4A6CEA0082F3F6 /* PBXContainerItemProxy */;
		};
		04D74AF62E4A6CEA0082F3F6 /* PBXTargetDependency */ = {
			isa = PBXTargetDependency;
			target = 04D74ADC2E4A6CE90082F3F6 /* SwiftUI.Navigation */;
			targetProxy = 04D74AF52E4A6CEA0082F3F6 /* PBXContainerItemProxy */;
		};
/* End PBXTargetDependency section */

/* Begin XCBuildConfiguration section */
		04D74AFC2E4A6CEA0082F3F6 /* Debug */ = {
			isa = XCBuildConfiguration;
			buildSettings = {
				ALWAYS_SEARCH_USER_PATHS = NO;
				ASSETCATALOG_COMPILER_GENERATE_SWIFT_ASSET_SYMBOL_EXTENSIONS = YES;
				CLANG_ANALYZER_NONNULL = YES;
				CLANG_ANALYZER_NUMBER_OBJECT_CONVERSION = YES_AGGRESSIVE;
				CLANG_CXX_LANGUAGE_STANDARD = "gnu++20";
				CLANG_ENABLE_MODULES = YES;
				CLANG_ENABLE_OBJC_ARC = YES;
				CLANG_ENABLE_OBJC_WEAK = YES;
				CLANG_WARN_BLOCK_CAPTURE_AUTORELEASING = YES;
				CLANG_WARN_BOOL_CONVERSION = YES;
				CLANG_WARN_COMMA = YES;
				CLANG_WARN_CONSTANT_CONVERSION = YES;
				CLANG_WARN_DEPRECATED_OBJC_IMPLEMENTATIONS = YES;
				CLANG_WARN_DIRECT_OBJC_ISA_USAGE = YES_ERROR;
				CLANG_WARN_DOCUMENTATION_COMMENTS = YES;
				CLANG_WARN_EMPTY_BODY = YES;
				CLANG_WARN_ENUM_CONVERSION = YES;
				CLANG_WARN_INFINITE_RECURSION = YES;
				CLANG_WARN_INT_CONVERSION = YES;
				CLANG_WARN_NON_LITERAL_NULL_CONVERSION = YES;
				CLANG_WARN_OBJC_IMPLICIT_RETAIN_SELF = YES;
				CLANG_WARN_OBJC_LITERAL_CONVERSION = YES;
				CLANG_WARN_OBJC_ROOT_CLASS = YES_ERROR;
				CLANG_WARN_QUOTED_INCLUDE_IN_FRAMEWORK_HEADER = YES;
				CLANG_WARN_RANGE_LOOP_ANALYSIS = YES;
				CLANG_WARN_STRICT_PROTOTYPES = YES;
				CLANG_WARN_SUSPICIOUS_MOVE = YES;
				CLANG_WARN_UNGUARDED_AVAILABILITY = YES_AGGRESSIVE;
				CLANG_WARN_UNREACHABLE_CODE = YES;
				CLANG_WARN__DUPLICATE_METHOD_MATCH = YES;
				COPY_PHASE_STRIP = NO;
				DEBUG_INFORMATION_FORMAT = dwarf;
				ENABLE_STRICT_OBJC_MSGSEND = YES;
				ENABLE_TESTABILITY = YES;
				ENABLE_USER_SCRIPT_SANDBOXING = YES;
				GCC_C_LANGUAGE_STANDARD = gnu17;
				GCC_DYNAMIC_NO_PIC = NO;
				GCC_NO_COMMON_BLOCKS = YES;
				GCC_OPTIMIZATION_LEVEL = 0;
				GCC_PREPROCESSOR_DEFINITIONS = (
					"DEBUG=1",
					"$(inherited)",
				);
				GCC_WARN_64_TO_32_BIT_CONVERSION = YES;
				GCC_WARN_ABOUT_RETURN_TYPE = YES_ERROR;
				GCC_WARN_UNDECLARED_SELECTOR = YES;
				GCC_WARN_UNINITIALIZED_AUTOS = YES_AGGRESSIVE;
				GCC_WARN_UNUSED_FUNCTION = YES;
				GCC_WARN_UNUSED_VARIABLE = YES;
				IPHONEOS_DEPLOYMENT_TARGET = 18.5;
				LOCALIZATION_PREFERS_STRING_CATALOGS = YES;
				MTL_ENABLE_DEBUG_INFO = INCLUDE_SOURCE;
				MTL_FAST_MATH = YES;
				ONLY_ACTIVE_ARCH = YES;
				SDKROOT = iphoneos;
				SWIFT_ACTIVE_COMPILATION_CONDITIONS = "DEBUG $(inherited)";
				SWIFT_OPTIMIZATION_LEVEL = "-Onone";
			};
			name = Debug;
		};
		04D74AFD2E4A6CEA0082F3F6 /* Release */ = {
			isa = XCBuildConfiguration;
			buildSettings = {
				ALWAYS_SEARCH_USER_PATHS = NO;
				ASSETCATALOG_COMPILER_GENERATE_SWIFT_ASSET_SYMBOL_EXTENSIONS = YES;
				CLANG_ANALYZER_NONNULL = YES;
				CLANG_ANALYZER_NUMBER_OBJECT_CONVERSION = YES_AGGRESSIVE;
				CLANG_CXX_LANGUAGE_STANDARD = "gnu++20";
				CLANG_ENABLE_MODULES = YES;
				CLANG_ENABLE_OBJC_ARC = YES;
				CLANG_ENABLE_OBJC_WEAK = YES;
				CLANG_WARN_BLOCK_CAPTURE_AUTORELEASING = YES;
				CLANG_WARN_BOOL_CONVERSION = YES;
				CLANG_WARN_COMMA = YES;
				CLANG_WARN_CONSTANT_CONVERSION = YES;
				CLANG_WARN_DEPRECATED_OBJC_IMPLEMENTATIONS = YES;
				CLANG_WARN_DIRECT_OBJC_ISA_USAGE = YES_ERROR;
				CLANG_WARN_DOCUMENTATION_COMMENTS = YES;
				CLANG_WARN_EMPTY_BODY = YES;
				CLANG_WARN_ENUM_CONVERSION = YES;
				CLANG_WARN_INFINITE_RECURSION = YES;
				CLANG_WARN_INT_CONVERSION = YES;
				CLANG_WARN_NON_LITERAL_NULL_CONVERSION = YES;
				CLANG_WARN_OBJC_IMPLICIT_RETAIN_SELF = YES;
				CLANG_WARN_OBJC_LITERAL_CONVERSION = YES;
				CLANG_WARN_OBJC_ROOT_CLASS = YES_ERROR;
				CLANG_WARN_QUOTED_INCLUDE_IN_FRAMEWORK_HEADER = YES;
				CLANG_WARN_RANGE_LOOP_ANALYSIS = YES;
				CLANG_WARN_STRICT_PROTOTYPES = YES;
				CLANG_WARN_SUSPICIOUS_MOVE = YES;
				CLANG_WARN_UNGUARDED_AVAILABILITY = YES_AGGRESSIVE;
				CLANG_WARN_UNREACHABLE_CODE = YES;
				CLANG_WARN__DUPLICATE_METHOD_MATCH = YES;
				COPY_PHASE_STRIP = NO;
				DEBUG_INFORMATION_FORMAT = "dwarf-with-dsym";
				ENABLE_NS_ASSERTIONS = NO;
				ENABLE_STRICT_OBJC_MSGSEND = YES;
				ENABLE_USER_SCRIPT_SANDBOXING = YES;
				GCC_C_LANGUAGE_STANDARD = gnu17;
				GCC_NO_COMMON_BLOCKS = YES;
				GCC_WARN_64_TO_32_BIT_CONVERSION = YES;
				GCC_WARN_ABOUT_RETURN_TYPE = YES_ERROR;
				GCC_WARN_UNDECLARED_SELECTOR = YES;
				GCC_WARN_UNINITIALIZED_AUTOS = YES_AGGRESSIVE;
				GCC_WARN_UNUSED_FUNCTION = YES;
				GCC_WARN_UNUSED_VARIABLE = YES;
				IPHONEOS_DEPLOYMENT_TARGET = 18.5;
				LOCALIZATION_PREFERS_STRING_CATALOGS = YES;
				MTL_ENABLE_DEBUG_INFO = NO;
				MTL_FAST_MATH = YES;
				SDKROOT = iphoneos;
				SWIFT_COMPILATION_MODE = wholemodule;
				VALIDATE_PRODUCT = YES;
			};
			name = Release;
		};
		04D74AFF2E4A6CEA0082F3F6 /* Debug */ = {
			isa = XCBuildConfiguration;
			buildSettings = {
				ASSETCATALOG_COMPILER_APPICON_NAME = AppIcon;
				ASSETCATALOG_COMPILER_GLOBAL_ACCENT_COLOR_NAME = AccentColor;
				CODE_SIGN_STYLE = Automatic;
				CURRENT_PROJECT_VERSION = 1;
				ENABLE_PREVIEWS = YES;
				GENERATE_INFOPLIST_FILE = YES;
				INFOPLIST_KEY_UIApplicationSceneManifest_Generation = YES;
				INFOPLIST_KEY_UIApplicationSupportsIndirectInputEvents = YES;
				INFOPLIST_KEY_UILaunchScreen_Generation = YES;
				INFOPLIST_KEY_UISupportedInterfaceOrientations_iPad = "UIInterfaceOrientationPortrait UIInterfaceOrientationPortraitUpsideDown UIInterfaceOrientationLandscapeLeft UIInterfaceOrientationLandscapeRight";
				INFOPLIST_KEY_UISupportedInterfaceOrientations_iPhone = "UIInterfaceOrientationPortrait UIInterfaceOrientationLandscapeLeft UIInterfaceOrientationLandscapeRight";
				LD_RUNPATH_SEARCH_PATHS = (
					"$(inherited)",
					"@executable_path/Frameworks",
				);
				MARKETING_VERSION = 1.0;
				PRODUCT_BUNDLE_IDENTIFIER = "com.yarmolchuk.SwiftUI-Navigation";
				PRODUCT_NAME = "$(TARGET_NAME)";
				SWIFT_EMIT_LOC_STRINGS = YES;
				SWIFT_VERSION = 5.0;
				TARGETED_DEVICE_FAMILY = "1,2";
			};
			name = Debug;
		};
		04D74B002E4A6CEA0082F3F6 /* Release */ = {
			isa = XCBuildConfiguration;
			buildSettings = {
				ASSETCATALOG_COMPILER_APPICON_NAME = AppIcon;
				ASSETCATALOG_COMPILER_GLOBAL_ACCENT_COLOR_NAME = AccentColor;
				CODE_SIGN_STYLE = Automatic;
				CURRENT_PROJECT_VERSION = 1;
				ENABLE_PREVIEWS = YES;
				GENERATE_INFOPLIST_FILE = YES;
				INFOPLIST_KEY_UIApplicationSceneManifest_Generation = YES;
				INFOPLIST_KEY_UIApplicationSupportsIndirectInputEvents = YES;
				INFOPLIST_KEY_UILaunchScreen_Generation = YES;
				INFOPLIST_KEY_UISupportedInterfaceOrientations_iPad = "UIInterfaceOrientationPortrait UIInterfaceOrientationPortraitUpsideDown UIInterfaceOrientationLandscapeLeft UIInterfaceOrientationLandscapeRight";
				INFOPLIST_KEY_UISupportedInterfaceOrientations_iPhone = "UIInterfaceOrientationPortrait UIInterfaceOrientationLandscapeLeft UIInterfaceOrientationLandscapeRight";
				LD_RUNPATH_SEARCH_PATHS = (
					"$(inherited)",
					"@executable_path/Frameworks",
				);
				MARKETING_VERSION = 1.0;
				PRODUCT_BUNDLE_IDENTIFIER = "com.yarmolchuk.SwiftUI-Navigation";
				PRODUCT_NAME = "$(TARGET_NAME)";
				SWIFT_EMIT_LOC_STRINGS = YES;
				SWIFT_VERSION = 5.0;
				TARGETED_DEVICE_FAMILY = "1,2";
			};
			name = Release;
		};
		04D74B022E4A6CEA0082F3F6 /* Debug */ = {
			isa = XCBuildConfiguration;
			buildSettings = {
				BUNDLE_LOADER = "$(TEST_HOST)";
				CODE_SIGN_STYLE = Automatic;
				CURRENT_PROJECT_VERSION = 1;
				GENERATE_INFOPLIST_FILE = YES;
				IPHONEOS_DEPLOYMENT_TARGET = 18.5;
				MARKETING_VERSION = 1.0;
				PRODUCT_BUNDLE_IDENTIFIER = "com.yarmolchuk.SwiftUI-NavigationTests";
				PRODUCT_NAME = "$(TARGET_NAME)";
				SWIFT_EMIT_LOC_STRINGS = NO;
				SWIFT_VERSION = 5.0;
				TARGETED_DEVICE_FAMILY = "1,2";
				TEST_HOST = "$(BUILT_PRODUCTS_DIR)/SwiftUI.Navigation.app/$(BUNDLE_EXECUTABLE_FOLDER_PATH)/SwiftUI.Navigation";
			};
			name = Debug;
		};
		04D74B032E4A6CEA0082F3F6 /* Release */ = {
			isa = XCBuildConfiguration;
			buildSettings = {
				BUNDLE_LOADER = "$(TEST_HOST)";
				CODE_SIGN_STYLE = Automatic;
				CURRENT_PROJECT_VERSION = 1;
				GENERATE_INFOPLIST_FILE = YES;
				IPHONEOS_DEPLOYMENT_TARGET = 18.5;
				MARKETING_VERSION = 1.0;
				PRODUCT_BUNDLE_IDENTIFIER = "com.yarmolchuk.SwiftUI-NavigationTests";
				PRODUCT_NAME = "$(TARGET_NAME)";
				SWIFT_EMIT_LOC_STRINGS = NO;
				SWIFT_VERSION = 5.0;
				TARGETED_DEVICE_FAMILY = "1,2";
				TEST_HOST = "$(BUILT_PRODUCTS_DIR)/SwiftUI.Navigation.app/$(BUNDLE_EXECUTABLE_FOLDER_PATH)/SwiftUI.Navigation";
			};
			name = Release;
		};
		04D74B052E4A6CEA0082F3F6 /* Debug */ = {
			isa = XCBuildConfiguration;
			buildSettings = {
				CODE_SIGN_STYLE = Automatic;
				CURRENT_PROJECT_VERSION = 1;
				GENERATE_INFOPLIST_FILE = YES;
				MARKETING_VERSION = 1.0;
				PRODUCT_BUNDLE_IDENTIFIER = "com.yarmolchuk.SwiftUI-NavigationUITests";
				PRODUCT_NAME = "$(TARGET_NAME)";
				SWIFT_EMIT_LOC_STRINGS = NO;
				SWIFT_VERSION = 5.0;
				TARGETED_DEVICE_FAMILY = "1,2";
				TEST_TARGET_NAME = SwiftUI.Navigation;
			};
			name = Debug;
		};
		04D74B062E4A6CEA0082F3F6 /* Release */ = {
			isa = XCBuildConfiguration;
			buildSettings = {
				CODE_SIGN_STYLE = Automatic;
				CURRENT_PROJECT_VERSION = 1;
				GENERATE_INFOPLIST_FILE = YES;
				MARKETING_VERSION = 1.0;
				PRODUCT_BUNDLE_IDENTIFIER = "com.yarmolchuk.SwiftUI-NavigationUITests";
				PRODUCT_NAME = "$(TARGET_NAME)";
				SWIFT_EMIT_LOC_STRINGS = NO;
				SWIFT_VERSION = 5.0;
				TARGETED_DEVICE_FAMILY = "1,2";
				TEST_TARGET_NAME = SwiftUI.Navigation;
			};
			name = Release;
		};
/* End XCBuildConfiguration section */

/* Begin XCConfigurationList section */
		04D74AD82E4A6CE90082F3F6 /* Build configuration list for PBXProject "SwiftUI.Navigation" */ = {
			isa = XCConfigurationList;
			buildConfigurations = (
				04D74AFC2E4A6CEA0082F3F6 /* Debug */,
				04D74AFD2E4A6CEA0082F3F6 /* Release */,
			);
			defaultConfigurationIsVisible = 0;
			defaultConfigurationName = Release;
		};
		04D74AFE2E4A6CEA0082F3F6 /* Build configuration list for PBXNativeTarget "SwiftUI.Navigation" */ = {
			isa = XCConfigurationList;
			buildConfigurations = (
				04D74AFF2E4A6CEA0082F3F6 /* Debug */,
				04D74B002E4A6CEA0082F3F6 /* Release */,
			);
			defaultConfigurationIsVisible = 0;
			defaultConfigurationName = Release;
		};
		04D74B012E4A6CEA0082F3F6 /* Build configuration list for PBXNativeTarget "SwiftUI.NavigationTests" */ = {
			isa = XCConfigurationList;
			buildConfigurations = (
				04D74B022E4A6CEA0082F3F6 /* Debug */,
				04D74B032E4A6CEA0082F3F6 /* Release */,
			);
			defaultConfigurationIsVisible = 0;
			defaultConfigurationName = Release;
		};
		04D74B042E4A6CEA0082F3F6 /* Build configuration list for PBXNativeTarget "SwiftUI.NavigationUITests" */ = {
			isa = XCConfigurationList;
			buildConfigurations = (
				04D74B052E4A6CEA0082F3F6 /* Debug */,
				04D74B062E4A6CEA0082F3F6 /* Release */,
			);
			defaultConfigurationIsVisible = 0;
			defaultConfigurationName = Release;
		};
/* End XCConfigurationList section */

/* Begin XCRemoteSwiftPackageReference section */
		04D74B132E4D1AAA0082F3F6 /* XCRemoteSwiftPackageReference "swift-identified-collections" */ = {
			isa = XCRemoteSwiftPackageReference;
			repositoryURL = "https://github.com/pointfreeco/swift-identified-collections";
			requirement = {
				kind = upToNextMajorVersion;
				minimumVersion = 1.1.1;
			};
		};
		04D74B1C2E4F80AA0082F3F6 /* XCRemoteSwiftPackageReference "swift-case-paths" */ = {
			isa = XCRemoteSwiftPackageReference;
			repositoryURL = "https://github.com/pointfreeco/swift-case-paths";
			requirement = {
				kind = upToNextMajorVersion;
				minimumVersion = 1.7.1;
			};
		};
/* End XCRemoteSwiftPackageReference section */

/* Begin XCSwiftPackageProductDependency section */
		04D74B142E4D1AAA0082F3F6 /* IdentifiedCollections */ = {
			isa = XCSwiftPackageProductDependency;
			package = 04D74B132E4D1AAA0082F3F6 /* XCRemoteSwiftPackageReference "swift-identified-collections" */;
			productName = IdentifiedCollections;
		};
		04D74B1D2E4F80AA0082F3F6 /* CasePaths */ = {
			isa = XCSwiftPackageProductDependency;
			package = 04D74B1C2E4F80AA0082F3F6 /* XCRemoteSwiftPackageReference "swift-case-paths" */;
			productName = CasePaths;
		};
		04D74B1F2E4F80AA0082F3F6 /* CasePathsCore */ = {
			isa = XCSwiftPackageProductDependency;
			package = 04D74B1C2E4F80AA0082F3F6 /* XCRemoteSwiftPackageReference "swift-case-paths" */;
			productName = CasePathsCore;
		};
/* End XCSwiftPackageProductDependency section */
	};
	rootObject = 04D74AD52E4A6CE90082F3F6 /* Project object */;
}
